
Microsoft Visual Studio Solution File, Format Version 12.00
Project("{FAE04EC0-301F-11D3-BF4B-00C04F79EFBC}") = "ProductRegistration", "ProductRegistration\ProductRegistration.csproj", "{B7CD83CF-B5C0-4D98-9007-9D0C9E831E9A}"
EndProject
Project("{2150E333-8FDC-42A3-9474-1A3956D46DE8}") = "1 Core", "1 Core", "{FF2EC8AE-5CDC-4E70-8AFF-C780EEDE37F1}"
EndProject
Project("{2150E333-8FDC-42A3-9474-1A3956D46DE8}") = "2 Infrastructure", "2 Infrastructure", "{33BBD9B2-0F03-4F1B-89A1-6A6B125DE864}"
EndProject
Project("{2150E333-8FDC-42A3-9474-1A3956D46DE8}") = "3 Application", "3 Application", "{6C2341A0-0915-47AB-A194-F720DAEC32D9}"
EndProject
Project("{2150E333-8FDC-42A3-9474-1A3956D46DE8}") = "4 API", "4 API", "{447872EF-C6A6-4D62-B546-3CFCBD556498}"
EndProject
Project("{FAE04EC0-301F-11D3-BF4B-00C04F79EFBC}") = "Core", "Core\Core.csproj", "{91E6745B-BCDB-4E95-A352-7D45811E0A95}"
EndProject
Project("{FAE04EC0-301F-11D3-BF4B-00C04F79EFBC}") = "Infrastructure", "Infrastructure\Infrastructure.csproj", "{A6CDA71D-C73E-41F9-991F-03B7223F0FFC}"
EndProject
Project("{FAE04EC0-301F-11D3-BF4B-00C04F79EFBC}") = "Application", "Application\Application.csproj", "{F38E7EA9-2F2B-4E04-B215-273E5993034F}"
EndProject
Global
	GlobalSection(SolutionConfigurationPlatforms) = preSolution
		Debug|Any CPU = Debug|Any CPU
		Release|Any CPU = Release|Any CPU
	EndGlobalSection
	GlobalSection(ProjectConfigurationPlatforms) = postSolution
		{B7CD83CF-B5C0-4D98-9007-9D0C9E831E9A}.Debug|Any CPU.ActiveCfg = Debug|Any CPU
		{B7CD83CF-B5C0-4D98-9007-9D0C9E831E9A}.Debug|Any CPU.Build.0 = Debug|Any CPU
		{B7CD83CF-B5C0-4D98-9007-9D0C9E831E9A}.Release|Any CPU.ActiveCfg = Release|Any CPU
		{B7CD83CF-B5C0-4D98-9007-9D0C9E831E9A}.Release|Any CPU.Build.0 = Release|Any CPU
		{91E6745B-BCDB-4E95-A352-7D45811E0A95}.Debug|Any CPU.ActiveCfg = Debug|Any CPU
		{91E6745B-BCDB-4E95-A352-7D45811E0A95}.Debug|Any CPU.Build.0 = Debug|Any CPU
		{91E6745B-BCDB-4E95-A352-7D45811E0A95}.Release|Any CPU.ActiveCfg = Release|Any CPU
		{91E6745B-BCDB-4E95-A352-7D45811E0A95}.Release|Any CPU.Build.0 = Release|Any CPU
		{A6CDA71D-C73E-41F9-991F-03B7223F0FFC}.Debug|Any CPU.ActiveCfg = Debug|Any CPU
		{A6CDA71D-C73E-41F9-991F-03B7223F0FFC}.Debug|Any CPU.Build.0 = Debug|Any CPU
		{A6CDA71D-C73E-41F9-991F-03B7223F0FFC}.Release|Any CPU.ActiveCfg = Release|Any CPU
		{A6CDA71D-C73E-41F9-991F-03B7223F0FFC}.Release|Any CPU.Build.0 = Release|Any CPU
		{F38E7EA9-2F2B-4E04-B215-273E5993034F}.Debug|Any CPU.ActiveCfg = Debug|Any CPU
		{F38E7EA9-2F2B-4E04-B215-273E5993034F}.Debug|Any CPU.Build.0 = Debug|Any CPU
		{F38E7EA9-2F2B-4E04-B215-273E5993034F}.Release|Any CPU.ActiveCfg = Release|Any CPU
		{F38E7EA9-2F2B-4E04-B215-273E5993034F}.Release|Any CPU.Build.0 = Release|Any CPU
	EndGlobalSection
	GlobalSection(NestedProjects) = preSolution
		{B7CD83CF-B5C0-4D98-9007-9D0C9E831E9A} = {447872EF-C6A6-4D62-B546-3CFCBD556498}
		{91E6745B-BCDB-4E95-A352-7D45811E0A95} = {FF2EC8AE-5CDC-4E70-8AFF-C780EEDE37F1}
		{A6CDA71D-C73E-41F9-991F-03B7223F0FFC} = {33BBD9B2-0F03-4F1B-89A1-6A6B125DE864}
		{F38E7EA9-2F2B-4E04-B215-273E5993034F} = {6C2341A0-0915-47AB-A194-F720DAEC32D9}
	EndGlobalSection
EndGlobal
